
Microsoft Visual Studio Solution File, Format Version 11.00
# Visual Studio 2010
Project("{FAE04EC0-301F-11D3-BF4B-00C04F79EFBC}") = "2D-ROGUELIKE", "Assembly-CSharp.csproj", "{045721E0-F751-05B4-D6DF-BDA9093F026E}"
EndProject
Project("{FAE04EC0-301F-11D3-BF4B-00C04F79EFBC}") = "2D-ROGUELIKE", "Assembly-CSharp-Editor.csproj", "{21199349-04D9-AC0E-AE08-CB318A19E1ED}"
EndProject
Global
	GlobalSection(SolutionConfigurationPlatforms) = preSolution
		Debug|Any CPU = Debug|Any CPU
		Release|Any CPU = Release|Any CPU
	EndGlobalSection
	GlobalSection(ProjectConfigurationPlatforms) = postSolution
		{045721E0-F751-05B4-D6DF-BDA9093F026E}.Debug|Any CPU.ActiveCfg = Debug|Any CPU
		{045721E0-F751-05B4-D6DF-BDA9093F026E}.Debug|Any CPU.Build.0 = Debug|Any CPU
		{045721E0-F751-05B4-D6DF-BDA9093F026E}.Release|Any CPU.ActiveCfg = Release|Any CPU
		{045721E0-F751-05B4-D6DF-BDA9093F026E}.Release|Any CPU.Build.0 = Release|Any CPU
		{21199349-04D9-AC0E-AE08-CB318A19E1ED}.Debug|Any CPU.ActiveCfg = Debug|Any CPU
		{21199349-04D9-AC0E-AE08-CB318A19E1ED}.Debug|Any CPU.Build.0 = Debug|Any CPU
		{21199349-04D9-AC0E-AE08-CB318A19E1ED}.Release|Any CPU.ActiveCfg = Release|Any CPU
		{21199349-04D9-AC0E-AE08-CB318A19E1ED}.Release|Any CPU.Build.0 = Release|Any CPU
	EndGlobalSection
	GlobalSection(SolutionProperties) = preSolution
		HideSolutionNode = FALSE
	EndGlobalSection
	GlobalSection(MonoDevelopProperties) = preSolution
		StartupItem = Assembly-CSharp.csproj
	EndGlobalSection
EndGlobal
